<Solution>
  <Folder Name="/Solution Items/">
    <File Path="Directory.Build.props" />
    <File Path="Directory.Packages.props" />
  </Folder>
  <Folder Name="/src/">
    <Project Path="src/PriceNegotiationApp.Api/PriceNegotiationApp.Api.csproj" />
    <Project Path="src/PriceNegotiationApp.Application/PriceNegotiationApp.Application.csproj" />
    <Project Path="src/PriceNegotiationApp.Domain/PriceNegotiationApp.Domain.csproj" />
    <Project Path="src/PriceNegotiationApp.Infrastructure/PriceNegotiationApp.Infrastructure.csproj" />
  </Folder>
  <Folder Name="/tests/">
    <Project Path="tests/PriceNegotiationApp.IntegrationTests/PriceNegotiationApp.IntegrationTests.csproj" />
    <Project Path="tests/PriceNegotiationApp.UnitTests/PriceNegotiationApp.UnitTests.csproj" />
  </Folder>
</Solution>
